
Microsoft Visual Studio Solution File, Format Version 12.00
# Visual Studio Version 16
VisualStudioVersion = 16.0.31424.327
MinimumVisualStudioVersion = 10.0.40219.1
Project("{2150E333-8FDC-42A3-9474-1A3956D46DE8}") = "Services", "Services", "{0A6DD8D9-D63D-4673-AA1F-6ACD169A049A}"
EndProject
Project("{2150E333-8FDC-42A3-9474-1A3956D46DE8}") = "Catalog", "Catalog", "{6E2FC2F5-FACD-4998-A9D3-AEA672C7DF51}"
EndProject
Project("{9A19103F-16F7-4668-BE54-9A1E7A4F7556}") = "Catalog.API", "Services\Catalog\Catalog.API\Catalog.API.csproj", "{64E92796-C025-4998-AB8A-B711545BCC89}"
EndProject
Project("{E53339B2-1760-4266-BCC7-CA923CBCF16C}") = "docker-compose", "docker-compose.dcproj", "{1C27B97E-8E07-4DBE-8B2F-69A9199804B6}"
EndProject
Project("{2150E333-8FDC-42A3-9474-1A3956D46DE8}") = "Basket", "Basket", "{62CF8C36-21DA-41FD-B596-110CE6B51498}"
EndProject
Project("{9A19103F-16F7-4668-BE54-9A1E7A4F7556}") = "Basket.API", "Services\Basket.API\Basket.API.csproj", "{41F5CA69-D187-4676-AC9F-B90CD75B8935}"
EndProject
Project("{2150E333-8FDC-42A3-9474-1A3956D46DE8}") = "Discount", "Discount", "{50AEE301-287F-4031-929D-1007833A757A}"
EndProject
Project("{9A19103F-16F7-4668-BE54-9A1E7A4F7556}") = "Discount.API", "Services\Discount\Discount.API\Discount.API.csproj", "{251BC5FF-4441-4E11-8A0E-E04F7AF3E96D}"
EndProject
Project("{9A19103F-16F7-4668-BE54-9A1E7A4F7556}") = "Discount.Grpc", "Services\Discount\Discount.Grpc\Discount.Grpc.csproj", "{23FD9295-1982-4397-B2EB-F53D59FD8D2A}"
EndProject
Project("{2150E333-8FDC-42A3-9474-1A3956D46DE8}") = "Ordering", "Ordering", "{D0AFF597-3302-4F53-9335-2DB7812A69E1}"
EndProject
Project("{9A19103F-16F7-4668-BE54-9A1E7A4F7556}") = "Ordering.API", "Services\Ordering\Ordering.API\Ordering.API.csproj", "{CD8B54A4-1670-47D5-84C7-0150D93F954C}"
EndProject
Project("{9A19103F-16F7-4668-BE54-9A1E7A4F7556}") = "Ordering.Domain", "Services\Ordering\Ordering.Domain\Ordering.Domain.csproj", "{86A494FC-C4C9-47DC-92BC-38D1F5449935}"
EndProject
Project("{9A19103F-16F7-4668-BE54-9A1E7A4F7556}") = "Ordering.Application", "Services\Ordering\Ordering.Application\Ordering.Application.csproj", "{C46C88CA-6879-41B1-9571-EAE853080A5C}"
EndProject
Project("{9A19103F-16F7-4668-BE54-9A1E7A4F7556}") = "Ordering.Infrastructure", "Services\Ordering\Ordering.Infrastructure\Ordering.Infrastructure.csproj", "{916C739F-C240-4862-B144-C0C6CA79D9D7}"
EndProject
Project("{2150E333-8FDC-42A3-9474-1A3956D46DE8}") = "BuildingBlocks", "BuildingBlocks", "{DB534AD3-631B-4665-9A23-CB64201FD05B}"
EndProject
Project("{9A19103F-16F7-4668-BE54-9A1E7A4F7556}") = "EventBus.Messages", "BuildingBlocks\EventBus.Messages\EventBus.Messages.csproj", "{F5E588BA-3F6A-41B2-AE3C-E5F027045242}"
EndProject
Project("{2150E333-8FDC-42A3-9474-1A3956D46DE8}") = "ApiGateways", "ApiGateways", "{77A1D34C-8597-471E-9F75-B724CF96F3EE}"
EndProject
Project("{FAE04EC0-301F-11D3-BF4B-00C04F79EFBC}") = "OcelotApiGw", "ApiGateways\OcelotApiGw\OcelotApiGw.csproj", "{723D670D-F4E6-4E50-B37B-41E7433A4BD1}"
EndProject
Global
	GlobalSection(SolutionConfigurationPlatforms) = preSolution
		Debug|Any CPU = Debug|Any CPU
		Release|Any CPU = Release|Any CPU
	EndGlobalSection
	GlobalSection(ProjectConfigurationPlatforms) = postSolution
		{64E92796-C025-4998-AB8A-B711545BCC89}.Debug|Any CPU.ActiveCfg = Debug|Any CPU
		{64E92796-C025-4998-AB8A-B711545BCC89}.Debug|Any CPU.Build.0 = Debug|Any CPU
		{64E92796-C025-4998-AB8A-B711545BCC89}.Release|Any CPU.ActiveCfg = Release|Any CPU
		{64E92796-C025-4998-AB8A-B711545BCC89}.Release|Any CPU.Build.0 = Release|Any CPU
		{1C27B97E-8E07-4DBE-8B2F-69A9199804B6}.Debug|Any CPU.ActiveCfg = Debug|Any CPU
		{1C27B97E-8E07-4DBE-8B2F-69A9199804B6}.Debug|Any CPU.Build.0 = Debug|Any CPU
		{1C27B97E-8E07-4DBE-8B2F-69A9199804B6}.Release|Any CPU.ActiveCfg = Release|Any CPU
		{1C27B97E-8E07-4DBE-8B2F-69A9199804B6}.Release|Any CPU.Build.0 = Release|Any CPU
		{41F5CA69-D187-4676-AC9F-B90CD75B8935}.Debug|Any CPU.ActiveCfg = Debug|Any CPU
		{41F5CA69-D187-4676-AC9F-B90CD75B8935}.Debug|Any CPU.Build.0 = Debug|Any CPU
		{41F5CA69-D187-4676-AC9F-B90CD75B8935}.Release|Any CPU.ActiveCfg = Release|Any CPU
		{41F5CA69-D187-4676-AC9F-B90CD75B8935}.Release|Any CPU.Build.0 = Release|Any CPU
		{251BC5FF-4441-4E11-8A0E-E04F7AF3E96D}.Debug|Any CPU.ActiveCfg = Debug|Any CPU
		{251BC5FF-4441-4E11-8A0E-E04F7AF3E96D}.Debug|Any CPU.Build.0 = Debug|Any CPU
		{251BC5FF-4441-4E11-8A0E-E04F7AF3E96D}.Release|Any CPU.ActiveCfg = Release|Any CPU
		{251BC5FF-4441-4E11-8A0E-E04F7AF3E96D}.Release|Any CPU.Build.0 = Release|Any CPU
		{23FD9295-1982-4397-B2EB-F53D59FD8D2A}.Debug|Any CPU.ActiveCfg = Debug|Any CPU
		{23FD9295-1982-4397-B2EB-F53D59FD8D2A}.Debug|Any CPU.Build.0 = Debug|Any CPU
		{23FD9295-1982-4397-B2EB-F53D59FD8D2A}.Release|Any CPU.ActiveCfg = Release|Any CPU
		{23FD9295-1982-4397-B2EB-F53D59FD8D2A}.Release|Any CPU.Build.0 = Release|Any CPU
		{CD8B54A4-1670-47D5-84C7-0150D93F954C}.Debug|Any CPU.ActiveCfg = Debug|Any CPU
		{CD8B54A4-1670-47D5-84C7-0150D93F954C}.Debug|Any CPU.Build.0 = Debug|Any CPU
		{CD8B54A4-1670-47D5-84C7-0150D93F954C}.Release|Any CPU.ActiveCfg = Release|Any CPU
		{CD8B54A4-1670-47D5-84C7-0150D93F954C}.Release|Any CPU.Build.0 = Release|Any CPU
		{86A494FC-C4C9-47DC-92BC-38D1F5449935}.Debug|Any CPU.ActiveCfg = Debug|Any CPU
		{86A494FC-C4C9-47DC-92BC-38D1F5449935}.Debug|Any CPU.Build.0 = Debug|Any CPU
		{86A494FC-C4C9-47DC-92BC-38D1F5449935}.Release|Any CPU.ActiveCfg = Release|Any CPU
		{86A494FC-C4C9-47DC-92BC-38D1F5449935}.Release|Any CPU.Build.0 = Release|Any CPU
		{C46C88CA-6879-41B1-9571-EAE853080A5C}.Debug|Any CPU.ActiveCfg = Debug|Any CPU
		{C46C88CA-6879-41B1-9571-EAE853080A5C}.Debug|Any CPU.Build.0 = Debug|Any CPU
		{C46C88CA-6879-41B1-9571-EAE853080A5C}.Release|Any CPU.ActiveCfg = Release|Any CPU
		{C46C88CA-6879-41B1-9571-EAE853080A5C}.Release|Any CPU.Build.0 = Release|Any CPU
		{916C739F-C240-4862-B144-C0C6CA79D9D7}.Debug|Any CPU.ActiveCfg = Debug|Any CPU
		{916C739F-C240-4862-B144-C0C6CA79D9D7}.Debug|Any CPU.Build.0 = Debug|Any CPU
		{916C739F-C240-4862-B144-C0C6CA79D9D7}.Release|Any CPU.ActiveCfg = Release|Any CPU
		{916C739F-C240-4862-B144-C0C6CA79D9D7}.Release|Any CPU.Build.0 = Release|Any CPU
		{F5E588BA-3F6A-41B2-AE3C-E5F027045242}.Debug|Any CPU.ActiveCfg = Debug|Any CPU
		{F5E588BA-3F6A-41B2-AE3C-E5F027045242}.Debug|Any CPU.Build.0 = Debug|Any CPU
		{F5E588BA-3F6A-41B2-AE3C-E5F027045242}.Release|Any CPU.ActiveCfg = Release|Any CPU
		{F5E588BA-3F6A-41B2-AE3C-E5F027045242}.Release|Any CPU.Build.0 = Release|Any CPU
		{723D670D-F4E6-4E50-B37B-41E7433A4BD1}.Debug|Any CPU.ActiveCfg = Debug|Any CPU
		{723D670D-F4E6-4E50-B37B-41E7433A4BD1}.Debug|Any CPU.Build.0 = Debug|Any CPU
		{723D670D-F4E6-4E50-B37B-41E7433A4BD1}.Release|Any CPU.ActiveCfg = Release|Any CPU
		{723D670D-F4E6-4E50-B37B-41E7433A4BD1}.Release|Any CPU.Build.0 = Release|Any CPU
	EndGlobalSection
	GlobalSection(SolutionProperties) = preSolution
		HideSolutionNode = FALSE
	EndGlobalSection
	GlobalSection(NestedProjects) = preSolution
		{6E2FC2F5-FACD-4998-A9D3-AEA672C7DF51} = {0A6DD8D9-D63D-4673-AA1F-6ACD169A049A}
		{64E92796-C025-4998-AB8A-B711545BCC89} = {6E2FC2F5-FACD-4998-A9D3-AEA672C7DF51}
		{62CF8C36-21DA-41FD-B596-110CE6B51498} = {0A6DD8D9-D63D-4673-AA1F-6ACD169A049A}
		{41F5CA69-D187-4676-AC9F-B90CD75B8935} = {62CF8C36-21DA-41FD-B596-110CE6B51498}
		{50AEE301-287F-4031-929D-1007833A757A} = {0A6DD8D9-D63D-4673-AA1F-6ACD169A049A}
		{251BC5FF-4441-4E11-8A0E-E04F7AF3E96D} = {50AEE301-287F-4031-929D-1007833A757A}
		{23FD9295-1982-4397-B2EB-F53D59FD8D2A} = {50AEE301-287F-4031-929D-1007833A757A}
		{D0AFF597-3302-4F53-9335-2DB7812A69E1} = {0A6DD8D9-D63D-4673-AA1F-6ACD169A049A}
		{CD8B54A4-1670-47D5-84C7-0150D93F954C} = {D0AFF597-3302-4F53-9335-2DB7812A69E1}
		{86A494FC-C4C9-47DC-92BC-38D1F5449935} = {D0AFF597-3302-4F53-9335-2DB7812A69E1}
		{C46C88CA-6879-41B1-9571-EAE853080A5C} = {D0AFF597-3302-4F53-9335-2DB7812A69E1}
		{916C739F-C240-4862-B144-C0C6CA79D9D7} = {D0AFF597-3302-4F53-9335-2DB7812A69E1}
		{F5E588BA-3F6A-41B2-AE3C-E5F027045242} = {DB534AD3-631B-4665-9A23-CB64201FD05B}
		{723D670D-F4E6-4E50-B37B-41E7433A4BD1} = {77A1D34C-8597-471E-9F75-B724CF96F3EE}
	EndGlobalSection
	GlobalSection(ExtensibilityGlobals) = postSolution
		SolutionGuid = {04FF37A9-1ADE-4FC1-9BEF-839B0334ACBA}
	EndGlobalSection
EndGlobal
